
Microsoft Visual Studio Solution File, Format Version 12.00
# Visual Studio 15
VisualStudioVersion = 15.0.27703.2047
MinimumVisualStudioVersion = 10.0.40219.1
Project("{FAE04EC0-301F-11D3-BF4B-00C04F79EFBC}") = "PrimerAplicacion2019", "PrimerAplicacion2019\PrimerAplicacion2019.csproj", "{F305E823-96E4-4726-9EB6-568432B850CD}"
EndProject
<<<<<<< HEAD
Project("{FAE04EC0-301F-11D3-BF4B-00C04F79EFBC}") = "Clases", "Clases\Clases.csproj", "{0FAAD9BA-AAA5-4D30-BF12-98A1F8DB6BBE}"
=======
Project("{FAE04EC0-301F-11D3-BF4B-00C04F79EFBC}") = "Clases", "..\..\..\..\..\Downloads\primera-winapp-2019-1-master\primera-winapp-2019-1-master\SolucionPrimerAplicacion2019\Clases\Clases.csproj", "{0FAAD9BA-AAA5-4D30-BF12-98A1F8DB6BBE}"
>>>>>>> 007a780755ca3497bb9b7b8a3280988f9b5e4983
EndProject
Global
	GlobalSection(SolutionConfigurationPlatforms) = preSolution
		Debug|Any CPU = Debug|Any CPU
		Release|Any CPU = Release|Any CPU
	EndGlobalSection
	GlobalSection(ProjectConfigurationPlatforms) = postSolution
		{F305E823-96E4-4726-9EB6-568432B850CD}.Debug|Any CPU.ActiveCfg = Debug|Any CPU
		{F305E823-96E4-4726-9EB6-568432B850CD}.Debug|Any CPU.Build.0 = Debug|Any CPU
		{F305E823-96E4-4726-9EB6-568432B850CD}.Release|Any CPU.ActiveCfg = Release|Any CPU
		{F305E823-96E4-4726-9EB6-568432B850CD}.Release|Any CPU.Build.0 = Release|Any CPU
		{0FAAD9BA-AAA5-4D30-BF12-98A1F8DB6BBE}.Debug|Any CPU.ActiveCfg = Debug|Any CPU
		{0FAAD9BA-AAA5-4D30-BF12-98A1F8DB6BBE}.Debug|Any CPU.Build.0 = Debug|Any CPU
		{0FAAD9BA-AAA5-4D30-BF12-98A1F8DB6BBE}.Release|Any CPU.ActiveCfg = Release|Any CPU
		{0FAAD9BA-AAA5-4D30-BF12-98A1F8DB6BBE}.Release|Any CPU.Build.0 = Release|Any CPU
	EndGlobalSection
	GlobalSection(SolutionProperties) = preSolution
		HideSolutionNode = FALSE
	EndGlobalSection
	GlobalSection(ExtensibilityGlobals) = postSolution
		SolutionGuid = {EEA125EB-276F-4D69-93E4-0AD6637668B5}
	EndGlobalSection
EndGlobal
